
Microsoft Visual Studio Solution File, Format Version 12.00
# Visual Studio Version 17
VisualStudioVersion = 17.2.32616.157
MinimumVisualStudioVersion = 10.0.40219.1
Project("{FAE04EC0-301F-11D3-BF4B-00C04F79EFBC}") = "PointOfSale", "PointOfSale\PointOfSale.csproj", "{725239DC-B079-47A9-86E1-E4C316F2B4AF}"
EndProject
Global
	GlobalSection(SolutionConfigurationPlatforms) = preSolution
		Debug|Any CPU = Debug|Any CPU
		Release|Any CPU = Release|Any CPU
	EndGlobalSection
	GlobalSection(ProjectConfigurationPlatforms) = postSolution
		{725239DC-B079-47A9-86E1-E4C316F2B4AF}.Debug|Any CPU.ActiveCfg = Debug|Any CPU
		{725239DC-B079-47A9-86E1-E4C316F2B4AF}.Debug|Any CPU.Build.0 = Debug|Any CPU
		{725239DC-B079-47A9-86E1-E4C316F2B4AF}.Release|Any CPU.ActiveCfg = Release|Any CPU
		{725239DC-B079-47A9-86E1-E4C316F2B4AF}.Release|Any CPU.Build.0 = Release|Any CPU
	EndGlobalSection
	GlobalSection(SolutionProperties) = preSolution
		HideSolutionNode = FALSE
	EndGlobalSection
	GlobalSection(ExtensibilityGlobals) = postSolution
		SolutionGuid = {145E1C1B-B197-41F1-B19F-7C7A6461F3B6}
	EndGlobalSection
EndGlobal
